
Microsoft Visual Studio Solution File, Format Version 12.00
Project("{FAE04EC0-301F-11D3-BF4B-00C04F79EFBC}") = "DiceRollGame", "DiceRollGame\DiceRollGame.csproj", "{E5BB1D54-7D73-441E-9BF1-C60EF84D1A5B}"
EndProject
Global
	GlobalSection(SolutionConfigurationPlatforms) = preSolution
		Debug|Any CPU = Debug|Any CPU
		Release|Any CPU = Release|Any CPU
	EndGlobalSection
	GlobalSection(ProjectConfigurationPlatforms) = postSolution
		{E5BB1D54-7D73-441E-9BF1-C60EF84D1A5B}.Debug|Any CPU.ActiveCfg = Debug|Any CPU
		{E5BB1D54-7D73-441E-9BF1-C60EF84D1A5B}.Debug|Any CPU.Build.0 = Debug|Any CPU
		{E5BB1D54-7D73-441E-9BF1-C60EF84D1A5B}.Release|Any CPU.ActiveCfg = Release|Any CPU
		{E5BB1D54-7D73-441E-9BF1-C60EF84D1A5B}.Release|Any CPU.Build.0 = Release|Any CPU
	EndGlobalSection
EndGlobal
