
Microsoft Visual Studio Solution File, Format Version 12.00
Project("{FAE04EC0-301F-11D3-BF4B-00C04F79EFBC}") = "QuoteFinder", "QuoteFinder\QuoteFinder.csproj", "{BE333999-0A36-4BC1-A062-8EDB69CF10B8}"
EndProject
Global
	GlobalSection(SolutionConfigurationPlatforms) = preSolution
		Debug|Any CPU = Debug|Any CPU
		Release|Any CPU = Release|Any CPU
	EndGlobalSection
	GlobalSection(ProjectConfigurationPlatforms) = postSolution
		{BE333999-0A36-4BC1-A062-8EDB69CF10B8}.Debug|Any CPU.ActiveCfg = Debug|Any CPU
		{BE333999-0A36-4BC1-A062-8EDB69CF10B8}.Debug|Any CPU.Build.0 = Debug|Any CPU
		{BE333999-0A36-4BC1-A062-8EDB69CF10B8}.Release|Any CPU.ActiveCfg = Release|Any CPU
		{BE333999-0A36-4BC1-A062-8EDB69CF10B8}.Release|Any CPU.Build.0 = Release|Any CPU
	EndGlobalSection
EndGlobal
